{
    "name": "test",
    "lockfileVersion": 3,
    "requires": true,
    "packages": {
        "": {
            "dependencies": {
                "@bicycle-codes/request": "../"
            }
        },
        "..": {
            "name": "@bicycle-codes/request",
            "version": "0.5.7",
            "hasInstallScript": true,
            "license": "MIT",
            "dependencies": {
                "@bicycle-codes/message": "^0.7.0"
            },
            "devDependencies": {
                "@nichoth/tapzero": "^0.8.4",
                "@oddjs/odd": "^0.37.2",
                "@ssc-hermes/node-components": "^0.1.12",
                "@typescript-eslint/eslint-plugin": "^7.0.2",
                "@typescript-eslint/parser": "^7.0.2",
                "auto-changelog": "^2.4.0",
                "esbuild": "^0.20.0",
                "eslint": "^8.56.0",
                "eslint-config-standard": "^17.1.0",
                "ky": "^1.1.3",
                "ky-universal": "^0.12.0",
                "node-localstorage": "^3.0.5",
                "standardx": "^7.0.0",
                "tap-arc": "^1.2.2",
                "tape-run": "^11.0.0",
                "typescript": "^5.3.3"
            }
        },
        "node_modules/@bicycle-codes/request": {
            "resolved": "..",
            "link": true
        }
    }
}
