{
    "name": "test",
    "lockfileVersion": 3,
    "requires": true,
    "packages": {
        "": {
            "dependencies": {
                "@bicycle-codes/request": "../"
            }
        },
        "..": {
            "name": "@bicycle-codes/request",
            "version": "0.6.4",
            "license": "MIT",
            "dependencies": {
                "@bicycle-codes/message": "^0.7.3"
            },
            "devDependencies": {
                "@bicycle-codes/tapzero": "^0.9.3",
                "@oddjs/odd": "^0.37.2",
                "@ssc-hermes/node-components": "^0.1.12",
                "@typescript-eslint/eslint-plugin": "^7.0.2",
                "@typescript-eslint/parser": "^7.0.2",
                "auto-changelog": "^2.4.0",
                "esbuild": "^0.21.1",
                "eslint": "^8.56.0",
                "eslint-config-standard": "^17.1.0",
                "ky": "^1.1.4",
                "node-localstorage": "^3.0.5",
                "tap-spec": "^5.0.0",
                "tape-run": "^11.0.0",
                "typescript": "^5.4.5"
            }
        },
        "node_modules/@bicycle-codes/request": {
            "resolved": "..",
            "link": true
        }
    }
}
